{
  "name": "bleikoya-2023",
  "version": "1.0.0",
  "lockfileVersion": 3,
  "requires": true,
  "packages": {
    "": {
      "name": "bleikoya-2023",
      "version": "1.0.0",
      "license": "ISC",
      "dependencies": {
        "@nrk/core-scroll": "^4.4.0",
        "animated-scroll-to": "^2.3.0"
      }
    },
    "node_modules/@nrk/core-scroll": {
      "version": "4.4.0",
      "resolved": "https://registry.npmjs.org/@nrk/core-scroll/-/core-scroll-4.4.0.tgz",
      "integrity": "sha512-c/2/vNX5HYdpucVU8tJdk9P/I8CL+oYqmahvpbdNwakfAUqYogNUYPVc3+n+t546TqyTD0eQ+EeRKMh4ESlZaA=="
    },
    "node_modules/animated-scroll-to": {
      "version": "2.3.0",
      "resolved": "https://registry.npmjs.org/animated-scroll-to/-/animated-scroll-to-2.3.0.tgz",
      "integrity": "sha512-PT/5MSKCWQaK2kuOl2HT2KJMuJEvUS4/TgMhWy82c2EmF74/CIkvPBPKOvd8nMYP6Higo7xCn49/iSW9BccMoQ=="
    }
  }
}
